// !$*UTF8*$!
{
	archiveVersion = 1;
	classes = {
	};
	objectVersion = 50;
	objects = {

/* Begin PBXBuildFile section */
		9C4D601B2308428A002A0E67 /* ActionViewController.swift in Sources */ = {isa = PBXBuildFile; fileRef = 9C4D601A2308428A002A0E67 /* ActionViewController.swift */; };
		9C84720522CE3ECA008BE2D8 /* AppDelegate.swift in Sources */ = {isa = PBXBuildFile; fileRef = 9C84720422CE3ECA008BE2D8 /* AppDelegate.swift */; };
		9C84720722CE3ECA008BE2D8 /* MainViewController.swift in Sources */ = {isa = PBXBuildFile; fileRef = 9C84720622CE3ECA008BE2D8 /* MainViewController.swift */; };
		9C84720A22CE3ECA008BE2D8 /* Main.storyboard in Resources */ = {isa = PBXBuildFile; fileRef = 9C84720822CE3ECA008BE2D8 /* Main.storyboard */; };
		9C84720D22CE3ECA008BE2D8 /* Task_Analysis.xcdatamodeld in Sources */ = {isa = PBXBuildFile; fileRef = 9C84720B22CE3ECA008BE2D8 /* Task_Analysis.xcdatamodeld */; };
		9C84720F22CE3ECB008BE2D8 /* Assets.xcassets in Resources */ = {isa = PBXBuildFile; fileRef = 9C84720E22CE3ECB008BE2D8 /* Assets.xcassets */; };
		9C84721222CE3ECB008BE2D8 /* LaunchScreen.storyboard in Resources */ = {isa = PBXBuildFile; fileRef = 9C84721022CE3ECB008BE2D8 /* LaunchScreen.storyboard */; };
		9C9B835223030D1C00164EEA /* AddTaskAnalysisViewController.swift in Sources */ = {isa = PBXBuildFile; fileRef = 9C9B835123030D1C00164EEA /* AddTaskAnalysisViewController.swift */; };
		9CA0296A230F38B40074730A /* Step+CoreDataClass.swift in Sources */ = {isa = PBXBuildFile; fileRef = 9CA02968230F38B40074730A /* Step+CoreDataClass.swift */; };
		9CA0296B230F38B40074730A /* Step+CoreDataProperties.swift in Sources */ = {isa = PBXBuildFile; fileRef = 9CA02969230F38B40074730A /* Step+CoreDataProperties.swift */; };
		9CA0296E230F394C0074730A /* TaskAnalysis+CoreDataClass.swift in Sources */ = {isa = PBXBuildFile; fileRef = 9CA0296C230F394C0074730A /* TaskAnalysis+CoreDataClass.swift */; };
		9CA0296F230F394C0074730A /* TaskAnalysis+CoreDataProperties.swift in Sources */ = {isa = PBXBuildFile; fileRef = 9CA0296D230F394C0074730A /* TaskAnalysis+CoreDataProperties.swift */; };
		9CB2C4C82312B1A7008E1624 /* EditTaskAnalysisViewController.swift in Sources */ = {isa = PBXBuildFile; fileRef = 9CB2C4C72312B1A7008E1624 /* EditTaskAnalysisViewController.swift */; };
/* End PBXBuildFile section */

/* Begin PBXFileReference section */
		9C029ABC232EBE1B00F05EF4 /* UIImage+fixOrientation.h */ = {isa = PBXFileReference; lastKnownFileType = sourcecode.c.h; path = "UIImage+fixOrientation.h"; sourceTree = "<group>"; };
		9C4D601A2308428A002A0E67 /* ActionViewController.swift */ = {isa = PBXFileReference; lastKnownFileType = sourcecode.swift; path = ActionViewController.swift; sourceTree = "<group>"; };
		9C84720122CE3ECA008BE2D8 /* Task Analysis.app */ = {isa = PBXFileReference; explicitFileType = wrapper.application; includeInIndex = 0; path = "Task Analysis.app"; sourceTree = BUILT_PRODUCTS_DIR; };
		9C84720422CE3ECA008BE2D8 /* AppDelegate.swift */ = {isa = PBXFileReference; lastKnownFileType = sourcecode.swift; path = AppDelegate.swift; sourceTree = "<group>"; };
		9C84720622CE3ECA008BE2D8 /* MainViewController.swift */ = {isa = PBXFileReference; lastKnownFileType = sourcecode.swift; path = MainViewController.swift; sourceTree = "<group>"; };
		9C84720922CE3ECA008BE2D8 /* Base */ = {isa = PBXFileReference; lastKnownFileType = file.storyboard; name = Base; path = Base.lproj/Main.storyboard; sourceTree = "<group>"; };
		9C84720C22CE3ECA008BE2D8 /* Task_Analysis.xcdatamodel */ = {isa = PBXFileReference; lastKnownFileType = wrapper.xcdatamodel; path = Task_Analysis.xcdatamodel; sourceTree = "<group>"; };
		9C84720E22CE3ECB008BE2D8 /* Assets.xcassets */ = {isa = PBXFileReference; lastKnownFileType = folder.assetcatalog; path = Assets.xcassets; sourceTree = "<group>"; };
		9C84721122CE3ECB008BE2D8 /* Base */ = {isa = PBXFileReference; lastKnownFileType = file.storyboard; name = Base; path = Base.lproj/LaunchScreen.storyboard; sourceTree = "<group>"; };
		9C84721322CE3ECB008BE2D8 /* Info.plist */ = {isa = PBXFileReference; lastKnownFileType = text.plist.xml; path = Info.plist; sourceTree = "<group>"; };
		9C9B835123030D1C00164EEA /* AddTaskAnalysisViewController.swift */ = {isa = PBXFileReference; lastKnownFileType = sourcecode.swift; path = AddTaskAnalysisViewController.swift; sourceTree = "<group>"; };
		9CA02968230F38B40074730A /* Step+CoreDataClass.swift */ = {isa = PBXFileReference; lastKnownFileType = sourcecode.swift; path = "Step+CoreDataClass.swift"; sourceTree = "<group>"; };
		9CA02969230F38B40074730A /* Step+CoreDataProperties.swift */ = {isa = PBXFileReference; lastKnownFileType = sourcecode.swift; path = "Step+CoreDataProperties.swift"; sourceTree = "<group>"; };
		9CA0296C230F394C0074730A /* TaskAnalysis+CoreDataClass.swift */ = {isa = PBXFileReference; lastKnownFileType = sourcecode.swift; path = "TaskAnalysis+CoreDataClass.swift"; sourceTree = "<group>"; };
		9CA0296D230F394C0074730A /* TaskAnalysis+CoreDataProperties.swift */ = {isa = PBXFileReference; lastKnownFileType = sourcecode.swift; path = "TaskAnalysis+CoreDataProperties.swift"; sourceTree = "<group>"; };
		9CB2C4C72312B1A7008E1624 /* EditTaskAnalysisViewController.swift */ = {isa = PBXFileReference; lastKnownFileType = sourcecode.swift; path = EditTaskAnalysisViewController.swift; sourceTree = "<group>"; };
/* End PBXFileReference section */

/* Begin PBXFrameworksBuildPhase section */
		9C8471FE22CE3ECA008BE2D8 /* Frameworks */ = {
			isa = PBXFrameworksBuildPhase;
			buildActionMask = 2147483647;
			files = (
			);
			runOnlyForDeploymentPostprocessing = 0;
		};
/* End PBXFrameworksBuildPhase section */

/* Begin PBXGroup section */
		9C8471F822CE3ECA008BE2D8 = {
			isa = PBXGroup;
			children = (
				9C84720322CE3ECA008BE2D8 /* Task Analysis */,
				9C84720222CE3ECA008BE2D8 /* Products */,
			);
			sourceTree = "<group>";
		};
		9C84720222CE3ECA008BE2D8 /* Products */ = {
			isa = PBXGroup;
			children = (
				9C84720122CE3ECA008BE2D8 /* Task Analysis.app */,
			);
			name = Products;
			sourceTree = "<group>";
		};
		9C84720322CE3ECA008BE2D8 /* Task Analysis */ = {
			isa = PBXGroup;
			children = (
				9C84720422CE3ECA008BE2D8 /* AppDelegate.swift */,
				9C84720622CE3ECA008BE2D8 /* MainViewController.swift */,
				9C9B835123030D1C00164EEA /* AddTaskAnalysisViewController.swift */,
				9C4D601A2308428A002A0E67 /* ActionViewController.swift */,
				9CB2C4C72312B1A7008E1624 /* EditTaskAnalysisViewController.swift */,
				9C84720822CE3ECA008BE2D8 /* Main.storyboard */,
				9C84720E22CE3ECB008BE2D8 /* Assets.xcassets */,
				9C84721022CE3ECB008BE2D8 /* LaunchScreen.storyboard */,
				9C84721322CE3ECB008BE2D8 /* Info.plist */,
				9C84720B22CE3ECA008BE2D8 /* Task_Analysis.xcdatamodeld */,
				9CA0296C230F394C0074730A /* TaskAnalysis+CoreDataClass.swift */,
				9CA0296D230F394C0074730A /* TaskAnalysis+CoreDataProperties.swift */,
				9CA02968230F38B40074730A /* Step+CoreDataClass.swift */,
				9CA02969230F38B40074730A /* Step+CoreDataProperties.swift */,
				9C029ABC232EBE1B00F05EF4 /* UIImage+fixOrientation.h */,
			);
			path = "Task Analysis";
			sourceTree = "<group>";
		};
/* End PBXGroup section */

/* Begin PBXNativeTarget section */
		9C84720022CE3ECA008BE2D8 /* Task Analysis */ = {
			isa = PBXNativeTarget;
			buildConfigurationList = 9C84721622CE3ECB008BE2D8 /* Build configuration list for PBXNativeTarget "Task Analysis" */;
			buildPhases = (
				9C8471FD22CE3ECA008BE2D8 /* Sources */,
				9C8471FE22CE3ECA008BE2D8 /* Frameworks */,
				9C8471FF22CE3ECA008BE2D8 /* Resources */,
			);
			buildRules = (
			);
			dependencies = (
			);
			name = "Task Analysis";
			productName = "Task Analysis";
			productReference = 9C84720122CE3ECA008BE2D8 /* Task Analysis.app */;
			productType = "com.apple.product-type.application";
		};
/* End PBXNativeTarget section */

/* Begin PBXProject section */
		9C8471F922CE3ECA008BE2D8 /* Project object */ = {
			isa = PBXProject;
			attributes = {
				LastSwiftUpdateCheck = 1020;
				LastUpgradeCheck = 1020;
				ORGANIZATIONNAME = "Alexander Keeney";
				TargetAttributes = {
					9C84720022CE3ECA008BE2D8 = {
						CreatedOnToolsVersion = 10.2.1;
					};
				};
			};
			buildConfigurationList = 9C8471FC22CE3ECA008BE2D8 /* Build configuration list for PBXProject "Task Analysis" */;
			compatibilityVersion = "Xcode 9.3";
			developmentRegion = en;
			hasScannedForEncodings = 0;
			knownRegions = (
				en,
				Base,
			);
			mainGroup = 9C8471F822CE3ECA008BE2D8;
			productRefGroup = 9C84720222CE3ECA008BE2D8 /* Products */;
			projectDirPath = "";
			projectRoot = "";
			targets = (
				9C84720022CE3ECA008BE2D8 /* Task Analysis */,
			);
		};
/* End PBXProject section */

/* Begin PBXResourcesBuildPhase section */
		9C8471FF22CE3ECA008BE2D8 /* Resources */ = {
			isa = PBXResourcesBuildPhase;
			buildActionMask = 2147483647;
			files = (
				9C84721222CE3ECB008BE2D8 /* LaunchScreen.storyboard in Resources */,
				9C84720F22CE3ECB008BE2D8 /* Assets.xcassets in Resources */,
				9C84720A22CE3ECA008BE2D8 /* Main.storyboard in Resources */,
			);
			runOnlyForDeploymentPostprocessing = 0;
		};
/* End PBXResourcesBuildPhase section */

/* Begin PBXSourcesBuildPhase section */
		9C8471FD22CE3ECA008BE2D8 /* Sources */ = {
			isa = PBXSourcesBuildPhase;
			buildActionMask = 2147483647;
			files = (
				9C84720722CE3ECA008BE2D8 /* MainViewController.swift in Sources */,
				9C4D601B2308428A002A0E67 /* ActionViewController.swift in Sources */,
				9C9B835223030D1C00164EEA /* AddTaskAnalysisViewController.swift in Sources */,
				9CA0296F230F394C0074730A /* TaskAnalysis+CoreDataProperties.swift in Sources */,
				9C84720522CE3ECA008BE2D8 /* AppDelegate.swift in Sources */,
				9C84720D22CE3ECA008BE2D8 /* Task_Analysis.xcdatamodeld in Sources */,
				9CA0296E230F394C0074730A /* TaskAnalysis+CoreDataClass.swift in Sources */,
				9CA0296A230F38B40074730A /* Step+CoreDataClass.swift in Sources */,
				9CA0296B230F38B40074730A /* Step+CoreDataProperties.swift in Sources */,
				9CB2C4C82312B1A7008E1624 /* EditTaskAnalysisViewController.swift in Sources */,
			);
			runOnlyForDeploymentPostprocessing = 0;
		};
/* End PBXSourcesBuildPhase section */

/* Begin PBXVariantGroup section */
		9C84720822CE3ECA008BE2D8 /* Main.storyboard */ = {
			isa = PBXVariantGroup;
			children = (
				9C84720922CE3ECA008BE2D8 /* Base */,
			);
			name = Main.storyboard;
			sourceTree = "<group>";
		};
		9C84721022CE3ECB008BE2D8 /* LaunchScreen.storyboard */ = {
			isa = PBXVariantGroup;
			children = (
				9C84721122CE3ECB008BE2D8 /* Base */,
			);
			name = LaunchScreen.storyboard;
			sourceTree = "<group>";
		};
/* End PBXVariantGroup section */

/* Begin XCBuildConfiguration section */
		9C84721422CE3ECB008BE2D8 /* Debug */ = {
			isa = XCBuildConfiguration;
			buildSettings = {
				ALWAYS_SEARCH_USER_PATHS = NO;
				CLANG_ANALYZER_NONNULL = YES;
				CLANG_ANALYZER_NUMBER_OBJECT_CONVERSION = YES_AGGRESSIVE;
				CLANG_CXX_LANGUAGE_STANDARD = "gnu++14";
				CLANG_CXX_LIBRARY = "libc++";
				CLANG_ENABLE_MODULES = YES;
				CLANG_ENABLE_OBJC_ARC = YES;
				CLANG_ENABLE_OBJC_WEAK = YES;
				CLANG_WARN_BLOCK_CAPTURE_AUTORELEASING = YES;
				CLANG_WARN_BOOL_CONVERSION = YES;
				CLANG_WARN_COMMA = YES;
				CLANG_WARN_CONSTANT_CONVERSION = YES;
				CLANG_WARN_DEPRECATED_OBJC_IMPLEMENTATIONS = YES;
				CLANG_WARN_DIRECT_OBJC_ISA_USAGE = YES_ERROR;
				CLANG_WARN_DOCUMENTATION_COMMENTS = YES;
				CLANG_WARN_EMPTY_BODY = YES;
				CLANG_WARN_ENUM_CONVERSION = YES;
				CLANG_WARN_INFINITE_RECURSION = YES;
				CLANG_WARN_INT_CONVERSION = YES;
				CLANG_WARN_NON_LITERAL_NULL_CONVERSION = YES;
				CLANG_WARN_OBJC_IMPLICIT_RETAIN_SELF = YES;
				CLANG_WARN_OBJC_LITERAL_CONVERSION = YES;
				CLANG_WARN_OBJC_ROOT_CLASS = YES_ERROR;
				CLANG_WARN_RANGE_LOOP_ANALYSIS = YES;
				CLANG_WARN_STRICT_PROTOTYPES = YES;
				CLANG_WARN_SUSPICIOUS_MOVE = YES;
				CLANG_WARN_UNGUARDED_AVAILABILITY = YES_AGGRESSIVE;
				CLANG_WARN_UNREACHABLE_CODE = YES;
				CLANG_WARN__DUPLICATE_METHOD_MATCH = YES;
				CODE_SIGN_IDENTITY = "iPhone Developer";
				COPY_PHASE_STRIP = NO;
				DEBUG_INFORMATION_FORMAT = dwarf;
				ENABLE_STRICT_OBJC_MSGSEND = YES;
				ENABLE_TESTABILITY = YES;
				GCC_C_LANGUAGE_STANDARD = gnu11;
				GCC_DYNAMIC_NO_PIC = NO;
				GCC_NO_COMMON_BLOCKS = YES;
				GCC_OPTIMIZATION_LEVEL = 0;
				GCC_PREPROCESSOR_DEFINITIONS = (
					"DEBUG=1",
					"$(inherited)",
				);
				GCC_WARN_64_TO_32_BIT_CONVERSION = YES;
				GCC_WARN_ABOUT_RETURN_TYPE = YES_ERROR;
				GCC_WARN_UNDECLARED_SELECTOR = YES;
				GCC_WARN_UNINITIALIZED_AUTOS = YES_AGGRESSIVE;
				GCC_WARN_UNUSED_FUNCTION = YES;
				GCC_WARN_UNUSED_VARIABLE = YES;
				IPHONEOS_DEPLOYMENT_TARGET = 12.2;
				MTL_ENABLE_DEBUG_INFO = INCLUDE_SOURCE;
				MTL_FAST_MATH = YES;
				ONLY_ACTIVE_ARCH = YES;
				SDKROOT = iphoneos;
				SWIFT_ACTIVE_COMPILATION_CONDITIONS = DEBUG;
				SWIFT_OPTIMIZATION_LEVEL = "-Onone";
				TARGETED_DEVICE_FAMILY = 2;
			};
			name = Debug;
		};
		9C84721522CE3ECB008BE2D8 /* Release */ = {
			isa = XCBuildConfiguration;
			buildSettings = {
				ALWAYS_SEARCH_USER_PATHS = NO;
				CLANG_ANALYZER_NONNULL = YES;
				CLANG_ANALYZER_NUMBER_OBJECT_CONVERSION = YES_AGGRESSIVE;
				CLANG_CXX_LANGUAGE_STANDARD = "gnu++14";
				CLANG_CXX_LIBRARY = "libc++";
				CLANG_ENABLE_MODULES = YES;
				CLANG_ENABLE_OBJC_ARC = YES;
				CLANG_ENABLE_OBJC_WEAK = YES;
				CLANG_WARN_BLOCK_CAPTURE_AUTORELEASING = YES;
				CLANG_WARN_BOOL_CONVERSION = YES;
				CLANG_WARN_COMMA = YES;
				CLANG_WARN_CONSTANT_CONVERSION = YES;
				CLANG_WARN_DEPRECATED_OBJC_IMPLEMENTATIONS = YES;
				CLANG_WARN_DIRECT_OBJC_ISA_USAGE = YES_ERROR;
				CLANG_WARN_DOCUMENTATION_COMMENTS = YES;
				CLANG_WARN_EMPTY_BODY = YES;
				CLANG_WARN_ENUM_CONVERSION = YES;
				CLANG_WARN_INFINITE_RECURSION = YES;
				CLANG_WARN_INT_CONVERSION = YES;
				CLANG_WARN_NON_LITERAL_NULL_CONVERSION = YES;
				CLANG_WARN_OBJC_IMPLICIT_RETAIN_SELF = YES;
				CLANG_WARN_OBJC_LITERAL_CONVERSION = YES;
				CLANG_WARN_OBJC_ROOT_CLASS = YES_ERROR;
				CLANG_WARN_RANGE_LOOP_ANALYSIS = YES;
				CLANG_WARN_STRICT_PROTOTYPES = YES;
				CLANG_WARN_SUSPICIOUS_MOVE = YES;
				CLANG_WARN_UNGUARDED_AVAILABILITY = YES_AGGRESSIVE;
				CLANG_WARN_UNREACHABLE_CODE = YES;
				CLANG_WARN__DUPLICATE_METHOD_MATCH = YES;
				CODE_SIGN_IDENTITY = "iPhone Developer";
				COPY_PHASE_STRIP = NO;
				DEBUG_INFORMATION_FORMAT = "dwarf-with-dsym";
				ENABLE_NS_ASSERTIONS = NO;
				ENABLE_STRICT_OBJC_MSGSEND = YES;
				GCC_C_LANGUAGE_STANDARD = gnu11;
				GCC_NO_COMMON_BLOCKS = YES;
				GCC_WARN_64_TO_32_BIT_CONVERSION = YES;
				GCC_WARN_ABOUT_RETURN_TYPE = YES_ERROR;
				GCC_WARN_UNDECLARED_SELECTOR = YES;
				GCC_WARN_UNINITIALIZED_AUTOS = YES_AGGRESSIVE;
				GCC_WARN_UNUSED_FUNCTION = YES;
				GCC_WARN_UNUSED_VARIABLE = YES;
				IPHONEOS_DEPLOYMENT_TARGET = 12.2;
				MTL_ENABLE_DEBUG_INFO = NO;
				MTL_FAST_MATH = YES;
				SDKROOT = iphoneos;
				SWIFT_COMPILATION_MODE = wholemodule;
				SWIFT_OPTIMIZATION_LEVEL = "-O";
				TARGETED_DEVICE_FAMILY = 2;
				VALIDATE_PRODUCT = YES;
			};
			name = Release;
		};
		9C84721722CE3ECB008BE2D8 /* Debug */ = {
			isa = XCBuildConfiguration;
			buildSettings = {
				ASSETCATALOG_COMPILER_APPICON_NAME = "AppIcon-1";
				CODE_SIGN_STYLE = Automatic;
				DEVELOPMENT_TEAM = 249W8BP9XV;
				INFOPLIST_FILE = "Task Analysis/Info.plist";
				LD_RUNPATH_SEARCH_PATHS = (
					"$(inherited)",
					"@executable_path/Frameworks",
				);
				PRODUCT_BUNDLE_IDENTIFIER = "com.example.Task-Analysis";
				PRODUCT_NAME = "$(TARGET_NAME)";
				SWIFT_VERSION = 5.0;
				TARGETED_DEVICE_FAMILY = "1,2";
			};
			name = Debug;
		};
		9C84721822CE3ECB008BE2D8 /* Release */ = {
			isa = XCBuildConfiguration;
			buildSettings = {
				ASSETCATALOG_COMPILER_APPICON_NAME = "AppIcon-1";
				CODE_SIGN_STYLE = Automatic;
				DEVELOPMENT_TEAM = 249W8BP9XV;
				INFOPLIST_FILE = "Task Analysis/Info.plist";
				LD_RUNPATH_SEARCH_PATHS = (
					"$(inherited)",
					"@executable_path/Frameworks",
				);
				PRODUCT_BUNDLE_IDENTIFIER = "com.example.Task-Analysis";
				PRODUCT_NAME = "$(TARGET_NAME)";
				SWIFT_VERSION = 5.0;
				TARGETED_DEVICE_FAMILY = "1,2";
			};
			name = Release;
		};
/* End XCBuildConfiguration section */

/* Begin XCConfigurationList section */
		9C8471FC22CE3ECA008BE2D8 /* Build configuration list for PBXProject "Task Analysis" */ = {
			isa = XCConfigurationList;
			buildConfigurations = (
				9C84721422CE3ECB008BE2D8 /* Debug */,
				9C84721522CE3ECB008BE2D8 /* Release */,
			);
			defaultConfigurationIsVisible = 0;
			defaultConfigurationName = Release;
		};
		9C84721622CE3ECB008BE2D8 /* Build configuration list for PBXNativeTarget "Task Analysis" */ = {
			isa = XCConfigurationList;
			buildConfigurations = (
				9C84721722CE3ECB008BE2D8 /* Debug */,
				9C84721822CE3ECB008BE2D8 /* Release */,
			);
			defaultConfigurationIsVisible = 0;
			defaultConfigurationName = Release;
		};
/* End XCConfigurationList section */

/* Begin XCVersionGroup section */
		9C84720B22CE3ECA008BE2D8 /* Task_Analysis.xcdatamodeld */ = {
			isa = XCVersionGroup;
			children = (
				9C84720C22CE3ECA008BE2D8 /* Task_Analysis.xcdatamodel */,
			);
			currentVersion = 9C84720C22CE3ECA008BE2D8 /* Task_Analysis.xcdatamodel */;
			path = Task_Analysis.xcdatamodeld;
			sourceTree = "<group>";
			versionGroupType = wrapper.xcdatamodel;
		};
/* End XCVersionGroup section */
	};
	rootObject = 9C8471F922CE3ECA008BE2D8 /* Project object */;
}
